
Microsoft Visual Studio Solution File, Format Version 12.00
# Visual Studio Version 17
VisualStudioVersion = 17.0.31903.59
MinimumVisualStudioVersion = 10.0.40219.1
Project("{2150E333-8FDC-42A3-9474-1A3956D46DE8}") = "src", "src", "{7A340F41-0DB8-44C8-A0FA-E7C389AF975F}"
EndProject
Project("{9A19103F-16F7-4668-BE54-9A1E7A4F7556}") = "Bordly.Business", "src\Bordly.Business\Bordly.Business.csproj", "{CCC2DAB6-E6CC-4D26-9779-CC27CE98D48A}"
EndProject
Project("{9A19103F-16F7-4668-BE54-9A1E7A4F7556}") = "Bordly.Specification", "src\Bordly.Specification\Bordly.Specification.csproj", "{BC9E663E-8D24-42E8-AFFA-257AC1B0A5C7}"
EndProject
Project("{9A19103F-16F7-4668-BE54-9A1E7A4F7556}") = "Bordly.Domain", "src\Bordly.Domain\Bordly.Domain.csproj", "{30118942-8BD9-4E4E-8942-143802D3BE6D}"
EndProject
Project("{9A19103F-16F7-4668-BE54-9A1E7A4F7556}") = "Bordly.Infrastructure.Api.InMemory", "src\Bordly.Infrastructure.Api.InMemory\Bordly.Infrastructure.Api.InMemory.csproj", "{94458D74-ECD6-4B8A-B803-544CC94B8D8F}"
EndProject
Project("{9A19103F-16F7-4668-BE54-9A1E7A4F7556}") = "Bordly.Infrastructure.Api.Test", "src\Bordly.Infrastructure.Api.Test\Bordly.Infrastructure.Api.Test.csproj", "{82F0F6AA-451B-467F-ADD1-636DCB8B52F6}"
EndProject
Project("{2150E333-8FDC-42A3-9474-1A3956D46DE8}") = "Test", "Test", "{DF4F0A8F-E4DE-4B2C-B063-C1B806EE92A5}"
EndProject
Project("{9A19103F-16F7-4668-BE54-9A1E7A4F7556}") = "Bordly.MudBlazorUi", "src\Bordly.MudBlazorUi\Bordly.MudBlazorUi.csproj", "{06F05AEE-5B66-4CA1-9CF0-AFC2B28C5EDA}"
EndProject
Project("{2150E333-8FDC-42A3-9474-1A3956D46DE8}") = "Application", "Application", "{C600C0DB-52CA-4918-94E0-5688AF4AF6A4}"
EndProject
Global
	GlobalSection(SolutionConfigurationPlatforms) = preSolution
		Debug|Any CPU = Debug|Any CPU
		Release|Any CPU = Release|Any CPU
	EndGlobalSection
	GlobalSection(ProjectConfigurationPlatforms) = postSolution
		{CCC2DAB6-E6CC-4D26-9779-CC27CE98D48A}.Debug|Any CPU.ActiveCfg = Debug|Any CPU
		{CCC2DAB6-E6CC-4D26-9779-CC27CE98D48A}.Debug|Any CPU.Build.0 = Debug|Any CPU
		{CCC2DAB6-E6CC-4D26-9779-CC27CE98D48A}.Release|Any CPU.ActiveCfg = Release|Any CPU
		{CCC2DAB6-E6CC-4D26-9779-CC27CE98D48A}.Release|Any CPU.Build.0 = Release|Any CPU
		{BC9E663E-8D24-42E8-AFFA-257AC1B0A5C7}.Debug|Any CPU.ActiveCfg = Debug|Any CPU
		{BC9E663E-8D24-42E8-AFFA-257AC1B0A5C7}.Debug|Any CPU.Build.0 = Debug|Any CPU
		{BC9E663E-8D24-42E8-AFFA-257AC1B0A5C7}.Release|Any CPU.ActiveCfg = Release|Any CPU
		{BC9E663E-8D24-42E8-AFFA-257AC1B0A5C7}.Release|Any CPU.Build.0 = Release|Any CPU
		{30118942-8BD9-4E4E-8942-143802D3BE6D}.Debug|Any CPU.ActiveCfg = Debug|Any CPU
		{30118942-8BD9-4E4E-8942-143802D3BE6D}.Debug|Any CPU.Build.0 = Debug|Any CPU
		{30118942-8BD9-4E4E-8942-143802D3BE6D}.Release|Any CPU.ActiveCfg = Release|Any CPU
		{30118942-8BD9-4E4E-8942-143802D3BE6D}.Release|Any CPU.Build.0 = Release|Any CPU
		{94458D74-ECD6-4B8A-B803-544CC94B8D8F}.Debug|Any CPU.ActiveCfg = Debug|Any CPU
		{94458D74-ECD6-4B8A-B803-544CC94B8D8F}.Debug|Any CPU.Build.0 = Debug|Any CPU
		{94458D74-ECD6-4B8A-B803-544CC94B8D8F}.Release|Any CPU.ActiveCfg = Release|Any CPU
		{94458D74-ECD6-4B8A-B803-544CC94B8D8F}.Release|Any CPU.Build.0 = Release|Any CPU
		{82F0F6AA-451B-467F-ADD1-636DCB8B52F6}.Debug|Any CPU.ActiveCfg = Debug|Any CPU
		{82F0F6AA-451B-467F-ADD1-636DCB8B52F6}.Debug|Any CPU.Build.0 = Debug|Any CPU
		{82F0F6AA-451B-467F-ADD1-636DCB8B52F6}.Release|Any CPU.ActiveCfg = Release|Any CPU
		{82F0F6AA-451B-467F-ADD1-636DCB8B52F6}.Release|Any CPU.Build.0 = Release|Any CPU
		{06F05AEE-5B66-4CA1-9CF0-AFC2B28C5EDA}.Debug|Any CPU.ActiveCfg = Debug|Any CPU
		{06F05AEE-5B66-4CA1-9CF0-AFC2B28C5EDA}.Debug|Any CPU.Build.0 = Debug|Any CPU
		{06F05AEE-5B66-4CA1-9CF0-AFC2B28C5EDA}.Release|Any CPU.ActiveCfg = Release|Any CPU
		{06F05AEE-5B66-4CA1-9CF0-AFC2B28C5EDA}.Release|Any CPU.Build.0 = Release|Any CPU
	EndGlobalSection
	GlobalSection(SolutionProperties) = preSolution
		HideSolutionNode = FALSE
	EndGlobalSection
	GlobalSection(NestedProjects) = preSolution
		{CCC2DAB6-E6CC-4D26-9779-CC27CE98D48A} = {7A340F41-0DB8-44C8-A0FA-E7C389AF975F}
		{BC9E663E-8D24-42E8-AFFA-257AC1B0A5C7} = {7A340F41-0DB8-44C8-A0FA-E7C389AF975F}
		{30118942-8BD9-4E4E-8942-143802D3BE6D} = {7A340F41-0DB8-44C8-A0FA-E7C389AF975F}
		{94458D74-ECD6-4B8A-B803-544CC94B8D8F} = {7A340F41-0DB8-44C8-A0FA-E7C389AF975F}
		{82F0F6AA-451B-467F-ADD1-636DCB8B52F6} = {DF4F0A8F-E4DE-4B2C-B063-C1B806EE92A5}
		{DF4F0A8F-E4DE-4B2C-B063-C1B806EE92A5} = {7A340F41-0DB8-44C8-A0FA-E7C389AF975F}
		{06F05AEE-5B66-4CA1-9CF0-AFC2B28C5EDA} = {C600C0DB-52CA-4918-94E0-5688AF4AF6A4}
		{C600C0DB-52CA-4918-94E0-5688AF4AF6A4} = {7A340F41-0DB8-44C8-A0FA-E7C389AF975F}
	EndGlobalSection
	GlobalSection(ExtensibilityGlobals) = postSolution
		SolutionGuid = {8F026542-B6DF-426F-B80C-4FBFD73682D7}
	EndGlobalSection
EndGlobal
